
Microsoft Visual Studio Solution File, Format Version 12.00
# Visual Studio 2013
VisualStudioVersion = 12.0.21005.1
MinimumVisualStudioVersion = 10.0.40219.1
Project("{8BC9CEB8-8B4A-11D0-8D11-00A0C91BC942}") = "controlla_parita", "controlla_parita\controlla_parita.vcxproj", "{F9AC3531-4696-4CA3-A82B-D45DC17CE411}"
EndProject
Global
	GlobalSection(SolutionConfigurationPlatforms) = preSolution
		Debug|Win32 = Debug|Win32
		Release|Win32 = Release|Win32
	EndGlobalSection
	GlobalSection(ProjectConfigurationPlatforms) = postSolution
		{F9AC3531-4696-4CA3-A82B-D45DC17CE411}.Debug|Win32.ActiveCfg = Debug|Win32
		{F9AC3531-4696-4CA3-A82B-D45DC17CE411}.Debug|Win32.Build.0 = Debug|Win32
		{F9AC3531-4696-4CA3-A82B-D45DC17CE411}.Release|Win32.ActiveCfg = Release|Win32
		{F9AC3531-4696-4CA3-A82B-D45DC17CE411}.Release|Win32.Build.0 = Release|Win32
	EndGlobalSection
	GlobalSection(SolutionProperties) = preSolution
		HideSolutionNode = FALSE
	EndGlobalSection
EndGlobal
